
Microsoft Visual Studio Solution File, Format Version 12.00
# Visual Studio Version 16
VisualStudioVersion = 16.0.30011.22
MinimumVisualStudioVersion = 10.0.40219.1
Project("{FAE04EC0-301F-11D3-BF4B-00C04F79EFBC}") = "MVVMWPFSimpleTextEditor00001UI", "MVVMWPFSimpleTextEditor00001UI\MVVMWPFSimpleTextEditor00001UI.csproj", "{2E559642-2421-4761-856E-B5D3E328D20C}"
EndProject
Global
	GlobalSection(SolutionConfigurationPlatforms) = preSolution
		Debug|Any CPU = Debug|Any CPU
		Release|Any CPU = Release|Any CPU
	EndGlobalSection
	GlobalSection(ProjectConfigurationPlatforms) = postSolution
		{2E559642-2421-4761-856E-B5D3E328D20C}.Debug|Any CPU.ActiveCfg = Debug|Any CPU
		{2E559642-2421-4761-856E-B5D3E328D20C}.Debug|Any CPU.Build.0 = Debug|Any CPU
		{2E559642-2421-4761-856E-B5D3E328D20C}.Release|Any CPU.ActiveCfg = Release|Any CPU
		{2E559642-2421-4761-856E-B5D3E328D20C}.Release|Any CPU.Build.0 = Release|Any CPU
	EndGlobalSection
	GlobalSection(SolutionProperties) = preSolution
		HideSolutionNode = FALSE
	EndGlobalSection
	GlobalSection(ExtensibilityGlobals) = postSolution
		SolutionGuid = {5A00DA14-BDDB-4BE4-A707-650F617257BE}
	EndGlobalSection
EndGlobal
